
Microsoft Visual Studio Solution File, Format Version 12.00
# Visual Studio 14
VisualStudioVersion = 14.0.25420.1
MinimumVisualStudioVersion = 10.0.40219.1
Project("{2150E333-8FDC-42A3-9474-1A3956D46DE8}") = "Engine", "Engine", "{D18B961D-7DFA-47B9-9279-0D66D878F82B}"
EndProject
Project("{2150E333-8FDC-42A3-9474-1A3956D46DE8}") = "Games", "Games", "{2E9B8F23-4F41-4EFF-9E44-AAC223C0863D}"
EndProject
Project("{8BC9CEB8-8B4A-11D0-8D11-00A0C91BC942}") = "UE4", "Intermediate\ProjectFiles\UE4.vcxproj", "{16565E08-8B79-45D1-B3D9-348CE933482D}"
EndProject
Project("{8BC9CEB8-8B4A-11D0-8D11-00A0C91BC942}") = "Broids", "Intermediate\ProjectFiles\Broids.vcxproj", "{CDB931E2-05CF-438D-9EF1-19696878BC9B}"
EndProject
Global
	GlobalSection(SolutionConfigurationPlatforms) = preSolution
		DebugGame Editor|Win32 = DebugGame Editor|Win32
		DebugGame Editor|Win64 = DebugGame Editor|Win64
		DebugGame|Win32 = DebugGame|Win32
		DebugGame|Win64 = DebugGame|Win64
		Development Editor|Win32 = Development Editor|Win32
		Development Editor|Win64 = Development Editor|Win64
		Development|Win32 = Development|Win32
		Development|Win64 = Development|Win64
		Shipping|Win32 = Shipping|Win32
		Shipping|Win64 = Shipping|Win64
	EndGlobalSection
	GlobalSection(ProjectConfigurationPlatforms) = postSolution
		{16565E08-8B79-45D1-B3D9-348CE933482D}.DebugGame Editor|Win32.ActiveCfg = BuiltWithUnrealBuildTool|Win32
		{16565E08-8B79-45D1-B3D9-348CE933482D}.DebugGame Editor|Win32.Build.0 = BuiltWithUnrealBuildTool|Win32
		{16565E08-8B79-45D1-B3D9-348CE933482D}.DebugGame Editor|Win64.ActiveCfg = BuiltWithUnrealBuildTool|Win32
		{16565E08-8B79-45D1-B3D9-348CE933482D}.DebugGame Editor|Win64.Build.0 = BuiltWithUnrealBuildTool|Win32
		{16565E08-8B79-45D1-B3D9-348CE933482D}.DebugGame|Win32.ActiveCfg = BuiltWithUnrealBuildTool|Win32
		{16565E08-8B79-45D1-B3D9-348CE933482D}.DebugGame|Win32.Build.0 = BuiltWithUnrealBuildTool|Win32
		{16565E08-8B79-45D1-B3D9-348CE933482D}.DebugGame|Win64.ActiveCfg = BuiltWithUnrealBuildTool|Win32
		{16565E08-8B79-45D1-B3D9-348CE933482D}.DebugGame|Win64.Build.0 = BuiltWithUnrealBuildTool|Win32
		{16565E08-8B79-45D1-B3D9-348CE933482D}.Development Editor|Win32.ActiveCfg = BuiltWithUnrealBuildTool|Win32
		{16565E08-8B79-45D1-B3D9-348CE933482D}.Development Editor|Win32.Build.0 = BuiltWithUnrealBuildTool|Win32
		{16565E08-8B79-45D1-B3D9-348CE933482D}.Development Editor|Win64.ActiveCfg = BuiltWithUnrealBuildTool|Win32
		{16565E08-8B79-45D1-B3D9-348CE933482D}.Development Editor|Win64.Build.0 = BuiltWithUnrealBuildTool|Win32
		{16565E08-8B79-45D1-B3D9-348CE933482D}.Development|Win32.ActiveCfg = BuiltWithUnrealBuildTool|Win32
		{16565E08-8B79-45D1-B3D9-348CE933482D}.Development|Win32.Build.0 = BuiltWithUnrealBuildTool|Win32
		{16565E08-8B79-45D1-B3D9-348CE933482D}.Development|Win64.ActiveCfg = BuiltWithUnrealBuildTool|Win32
		{16565E08-8B79-45D1-B3D9-348CE933482D}.Development|Win64.Build.0 = BuiltWithUnrealBuildTool|Win32
		{16565E08-8B79-45D1-B3D9-348CE933482D}.Shipping|Win32.ActiveCfg = BuiltWithUnrealBuildTool|Win32
		{16565E08-8B79-45D1-B3D9-348CE933482D}.Shipping|Win32.Build.0 = BuiltWithUnrealBuildTool|Win32
		{16565E08-8B79-45D1-B3D9-348CE933482D}.Shipping|Win64.ActiveCfg = BuiltWithUnrealBuildTool|Win32
		{16565E08-8B79-45D1-B3D9-348CE933482D}.Shipping|Win64.Build.0 = BuiltWithUnrealBuildTool|Win32
		{CDB931E2-05CF-438D-9EF1-19696878BC9B}.DebugGame Editor|Win32.ActiveCfg = DebugGame_Editor|Win32
		{CDB931E2-05CF-438D-9EF1-19696878BC9B}.DebugGame Editor|Win64.ActiveCfg = DebugGame_Editor|x64
		{CDB931E2-05CF-438D-9EF1-19696878BC9B}.DebugGame Editor|Win64.Build.0 = DebugGame_Editor|x64
		{CDB931E2-05CF-438D-9EF1-19696878BC9B}.DebugGame|Win32.ActiveCfg = DebugGame_Game|Win32
		{CDB931E2-05CF-438D-9EF1-19696878BC9B}.DebugGame|Win32.Build.0 = DebugGame_Game|Win32
		{CDB931E2-05CF-438D-9EF1-19696878BC9B}.DebugGame|Win64.ActiveCfg = DebugGame_Game|x64
		{CDB931E2-05CF-438D-9EF1-19696878BC9B}.DebugGame|Win64.Build.0 = DebugGame_Game|x64
		{CDB931E2-05CF-438D-9EF1-19696878BC9B}.Development Editor|Win32.ActiveCfg = Development_Editor|Win32
		{CDB931E2-05CF-438D-9EF1-19696878BC9B}.Development Editor|Win64.ActiveCfg = Development_Editor|x64
		{CDB931E2-05CF-438D-9EF1-19696878BC9B}.Development Editor|Win64.Build.0 = Development_Editor|x64
		{CDB931E2-05CF-438D-9EF1-19696878BC9B}.Development|Win32.ActiveCfg = Development_Game|Win32
		{CDB931E2-05CF-438D-9EF1-19696878BC9B}.Development|Win32.Build.0 = Development_Game|Win32
		{CDB931E2-05CF-438D-9EF1-19696878BC9B}.Development|Win64.ActiveCfg = Development_Game|x64
		{CDB931E2-05CF-438D-9EF1-19696878BC9B}.Development|Win64.Build.0 = Development_Game|x64
		{CDB931E2-05CF-438D-9EF1-19696878BC9B}.Shipping|Win32.ActiveCfg = Shipping_Game|Win32
		{CDB931E2-05CF-438D-9EF1-19696878BC9B}.Shipping|Win32.Build.0 = Shipping_Game|Win32
		{CDB931E2-05CF-438D-9EF1-19696878BC9B}.Shipping|Win64.ActiveCfg = Shipping_Game|x64
		{CDB931E2-05CF-438D-9EF1-19696878BC9B}.Shipping|Win64.Build.0 = Shipping_Game|x64
	EndGlobalSection
	GlobalSection(SolutionProperties) = preSolution
		HideSolutionNode = FALSE
	EndGlobalSection
	GlobalSection(NestedProjects) = preSolution
		{16565E08-8B79-45D1-B3D9-348CE933482D} = {D18B961D-7DFA-47B9-9279-0D66D878F82B}
		{CDB931E2-05CF-438D-9EF1-19696878BC9B} = {2E9B8F23-4F41-4EFF-9E44-AAC223C0863D}
	EndGlobalSection
EndGlobal
